
Microsoft Visual Studio Solution File, Format Version 12.00
# Visual Studio Version 17
VisualStudioVersion = 17.0.31903.59
MinimumVisualStudioVersion = 10.0.40219.1
Project("{FAE04EC0-301F-11D3-BF4B-00C04F79EFBC}") = "System.Reflection.Emit.NetStandard20", "System.Reflection.Emit.NetStandard20\System.Reflection.Emit.NetStandard20.csproj", "{D9E0004D-BFA7-43C3-B02F-DF1B7A855C54}"
EndProject
Global
	GlobalSection(SolutionConfigurationPlatforms) = preSolution
		Debug|Any CPU = Debug|Any CPU
		Release|Any CPU = Release|Any CPU
	EndGlobalSection
	GlobalSection(ProjectConfigurationPlatforms) = postSolution
		{D9E0004D-BFA7-43C3-B02F-DF1B7A855C54}.Debug|Any CPU.ActiveCfg = Debug|Any CPU
		{D9E0004D-BFA7-43C3-B02F-DF1B7A855C54}.Debug|Any CPU.Build.0 = Debug|Any CPU
		{D9E0004D-BFA7-43C3-B02F-DF1B7A855C54}.Release|Any CPU.ActiveCfg = Release|Any CPU
		{D9E0004D-BFA7-43C3-B02F-DF1B7A855C54}.Release|Any CPU.Build.0 = Release|Any CPU
	EndGlobalSection
	GlobalSection(SolutionProperties) = preSolution
		HideSolutionNode = FALSE
	EndGlobalSection
EndGlobal
